<Solution>
  <Folder Name="/src/">
    <Project Path="src/BrightTutor.Api/BrightTutor.Api.csproj" />
    <Project Path="src/BrightTutor.Application/BrightTutor.Application.csproj" />
    <Project Path="src/BrightTutor.Domain/BrightTutor.Domain.csproj" />
    <Project Path="src/BrightTutor.Infrastructure/BrightTutor.Infrastructure.csproj" />
    <Project Path="src/BrightTutor.LivenessChecks/BrightTutor.LivenessChecks.csproj" />
  </Folder>
  <Folder Name="/tests/">
    <Project Path="tests/BrightTutor.UnitTests/BrightTutor.UnitTests.csproj" />
    <Project Path="tests/BrightTutor.IntegrationTests/BrightTutor.IntegrationTests.csproj" />
  </Folder>
</Solution>
